
Microsoft Visual Studio Solution File, Format Version 12.00
# Visual Studio Version 16
VisualStudioVersion = 16.0.31321.278
MinimumVisualStudioVersion = 10.0.40219.1
Project("{FAE04EC0-301F-11D3-BF4B-00C04F79EFBC}") = "Aryan-Patel_Exercise01", "Aryan-Patel_Exercise01\Aryan-Patel_Exercise01.csproj", "{86DA706C-2B7C-41CC-98C2-F13254D977C4}"
EndProject
Project("{FAE04EC0-301F-11D3-BF4B-00C04F79EFBC}") = "Aryan-Patel_Exercise02", "Aryan-Patel_Exercise02\Aryan-Patel_Exercise02.csproj", "{74FDB7C7-82FC-48D5-A146-88C5F439FBD7}"
EndProject
Project("{FAE04EC0-301F-11D3-BF4B-00C04F79EFBC}") = "Aryan-Patel_Exercise03", "Aryan-Patel_Exercise03\Aryan-Patel_Exercise03.csproj", "{4710F782-70B2-4B8C-B725-70DE22D04FC0}"
EndProject
Global
	GlobalSection(SolutionConfigurationPlatforms) = preSolution
		Debug|Any CPU = Debug|Any CPU
		Release|Any CPU = Release|Any CPU
	EndGlobalSection
	GlobalSection(ProjectConfigurationPlatforms) = postSolution
		{86DA706C-2B7C-41CC-98C2-F13254D977C4}.Debug|Any CPU.ActiveCfg = Debug|Any CPU
		{86DA706C-2B7C-41CC-98C2-F13254D977C4}.Debug|Any CPU.Build.0 = Debug|Any CPU
		{86DA706C-2B7C-41CC-98C2-F13254D977C4}.Release|Any CPU.ActiveCfg = Release|Any CPU
		{86DA706C-2B7C-41CC-98C2-F13254D977C4}.Release|Any CPU.Build.0 = Release|Any CPU
		{74FDB7C7-82FC-48D5-A146-88C5F439FBD7}.Debug|Any CPU.ActiveCfg = Debug|Any CPU
		{74FDB7C7-82FC-48D5-A146-88C5F439FBD7}.Debug|Any CPU.Build.0 = Debug|Any CPU
		{74FDB7C7-82FC-48D5-A146-88C5F439FBD7}.Release|Any CPU.ActiveCfg = Release|Any CPU
		{74FDB7C7-82FC-48D5-A146-88C5F439FBD7}.Release|Any CPU.Build.0 = Release|Any CPU
		{4710F782-70B2-4B8C-B725-70DE22D04FC0}.Debug|Any CPU.ActiveCfg = Debug|Any CPU
		{4710F782-70B2-4B8C-B725-70DE22D04FC0}.Debug|Any CPU.Build.0 = Debug|Any CPU
		{4710F782-70B2-4B8C-B725-70DE22D04FC0}.Release|Any CPU.ActiveCfg = Release|Any CPU
		{4710F782-70B2-4B8C-B725-70DE22D04FC0}.Release|Any CPU.Build.0 = Release|Any CPU
	EndGlobalSection
	GlobalSection(SolutionProperties) = preSolution
		HideSolutionNode = FALSE
	EndGlobalSection
	GlobalSection(ExtensibilityGlobals) = postSolution
		SolutionGuid = {CC079988-0E5F-4254-BA77-FE326C3BF93A}
	EndGlobalSection
EndGlobal
