
Microsoft Visual Studio Solution File, Format Version 12.00
# Visual Studio 15
VisualStudioVersion = 15.0.28010.2046
MinimumVisualStudioVersion = 10.0.40219.1
Project("{FAE04EC0-301F-11D3-BF4B-00C04F79EFBC}") = "LinkedListLibrary", "LinkedListLibrary\LinkedListLibrary.csproj", "{2B0C3EA7-ADED-4E41-B188-8CD315EC7D4D}"
EndProject
Project("{FAE04EC0-301F-11D3-BF4B-00C04F79EFBC}") = "MyLinkedListLibrary", "MyLinkedListLibrary\MyLinkedListLibrary.csproj", "{3659A82C-AAB7-4B0E-B1AC-DC86BCBD0FE8}"
EndProject
Project("{FAE04EC0-301F-11D3-BF4B-00C04F79EFBC}") = "MyLinkedListLibraryTest", "MyLinkedListLibraryTest\MyLinkedListLibraryTest.csproj", "{6ADA84F3-0370-4B2F-8E4A-1559B38C75FA}"
EndProject
Global
	GlobalSection(SolutionConfigurationPlatforms) = preSolution
		Debug|Any CPU = Debug|Any CPU
		Release|Any CPU = Release|Any CPU
	EndGlobalSection
	GlobalSection(ProjectConfigurationPlatforms) = postSolution
		{2B0C3EA7-ADED-4E41-B188-8CD315EC7D4D}.Debug|Any CPU.ActiveCfg = Debug|Any CPU
		{2B0C3EA7-ADED-4E41-B188-8CD315EC7D4D}.Debug|Any CPU.Build.0 = Debug|Any CPU
		{2B0C3EA7-ADED-4E41-B188-8CD315EC7D4D}.Release|Any CPU.ActiveCfg = Release|Any CPU
		{2B0C3EA7-ADED-4E41-B188-8CD315EC7D4D}.Release|Any CPU.Build.0 = Release|Any CPU
		{3659A82C-AAB7-4B0E-B1AC-DC86BCBD0FE8}.Debug|Any CPU.ActiveCfg = Debug|Any CPU
		{3659A82C-AAB7-4B0E-B1AC-DC86BCBD0FE8}.Debug|Any CPU.Build.0 = Debug|Any CPU
		{3659A82C-AAB7-4B0E-B1AC-DC86BCBD0FE8}.Release|Any CPU.ActiveCfg = Release|Any CPU
		{3659A82C-AAB7-4B0E-B1AC-DC86BCBD0FE8}.Release|Any CPU.Build.0 = Release|Any CPU
		{6ADA84F3-0370-4B2F-8E4A-1559B38C75FA}.Debug|Any CPU.ActiveCfg = Debug|Any CPU
		{6ADA84F3-0370-4B2F-8E4A-1559B38C75FA}.Debug|Any CPU.Build.0 = Debug|Any CPU
		{6ADA84F3-0370-4B2F-8E4A-1559B38C75FA}.Release|Any CPU.ActiveCfg = Release|Any CPU
		{6ADA84F3-0370-4B2F-8E4A-1559B38C75FA}.Release|Any CPU.Build.0 = Release|Any CPU
	EndGlobalSection
	GlobalSection(SolutionProperties) = preSolution
		HideSolutionNode = FALSE
	EndGlobalSection
	GlobalSection(ExtensibilityGlobals) = postSolution
		SolutionGuid = {126C3AC5-96A5-4FA8-951E-6B35A2665730}
	EndGlobalSection
EndGlobal
