
Microsoft Visual Studio Solution File, Format Version 12.00
# Visual Studio Version 16
VisualStudioVersion = 16.0.31321.278
MinimumVisualStudioVersion = 10.0.40219.1
Project("{FAE04EC0-301F-11D3-BF4B-00C04F79EFBC}") = "Aryan_Patel_Exe03", "Aryan_Patel_Exe03\Aryan_Patel_Exe03.csproj", "{3EBA2FA6-7EA7-4791-B2F6-6CA5941EBAC8}"
EndProject
Project("{9A19103F-16F7-4668-BE54-9A1E7A4F7556}") = "Aryan_Patel_COMP212_Sec003_Lab05ML.Model", "Aryan_Patel_COMP212_Sec003_Lab05ML.Model\Aryan_Patel_COMP212_Sec003_Lab05ML.Model.csproj", "{E65E6022-8705-44A8-A05D-35B671F561E1}"
EndProject
Project("{9A19103F-16F7-4668-BE54-9A1E7A4F7556}") = "Aryan_Patel_COMP212_Sec003_Lab05ML.ConsoleApp", "Aryan_Patel_COMP212_Sec003_Lab05ML.ConsoleApp\Aryan_Patel_COMP212_Sec003_Lab05ML.ConsoleApp.csproj", "{D97F1F98-3029-44F6-9310-364E1E1F2763}"
EndProject
Global
	GlobalSection(SolutionConfigurationPlatforms) = preSolution
		Debug|Any CPU = Debug|Any CPU
		Release|Any CPU = Release|Any CPU
	EndGlobalSection
	GlobalSection(ProjectConfigurationPlatforms) = postSolution
		{3EBA2FA6-7EA7-4791-B2F6-6CA5941EBAC8}.Debug|Any CPU.ActiveCfg = Debug|Any CPU
		{3EBA2FA6-7EA7-4791-B2F6-6CA5941EBAC8}.Debug|Any CPU.Build.0 = Debug|Any CPU
		{3EBA2FA6-7EA7-4791-B2F6-6CA5941EBAC8}.Release|Any CPU.ActiveCfg = Release|Any CPU
		{3EBA2FA6-7EA7-4791-B2F6-6CA5941EBAC8}.Release|Any CPU.Build.0 = Release|Any CPU
		{E65E6022-8705-44A8-A05D-35B671F561E1}.Debug|Any CPU.ActiveCfg = Debug|Any CPU
		{E65E6022-8705-44A8-A05D-35B671F561E1}.Debug|Any CPU.Build.0 = Debug|Any CPU
		{E65E6022-8705-44A8-A05D-35B671F561E1}.Release|Any CPU.ActiveCfg = Release|Any CPU
		{E65E6022-8705-44A8-A05D-35B671F561E1}.Release|Any CPU.Build.0 = Release|Any CPU
		{D97F1F98-3029-44F6-9310-364E1E1F2763}.Debug|Any CPU.ActiveCfg = Debug|Any CPU
		{D97F1F98-3029-44F6-9310-364E1E1F2763}.Debug|Any CPU.Build.0 = Debug|Any CPU
		{D97F1F98-3029-44F6-9310-364E1E1F2763}.Release|Any CPU.ActiveCfg = Release|Any CPU
		{D97F1F98-3029-44F6-9310-364E1E1F2763}.Release|Any CPU.Build.0 = Release|Any CPU
	EndGlobalSection
	GlobalSection(SolutionProperties) = preSolution
		HideSolutionNode = FALSE
	EndGlobalSection
	GlobalSection(ExtensibilityGlobals) = postSolution
		SolutionGuid = {85832D31-6AF8-4DE9-91FD-2FBA5C897761}
	EndGlobalSection
EndGlobal
